
Microsoft Visual Studio Solution File, Format Version 12.00
# Visual Studio 15
VisualStudioVersion = 15.0.27703.2000
MinimumVisualStudioVersion = 10.0.40219.1
Project("{9A19103F-16F7-4668-BE54-9A1E7A4F7556}") = "Tbus.Parser.NETStandard", "Tbus.Parser.NETStandard\Tbus.Parser.NETStandard.csproj", "{394F5959-3433-4361-A9FB-814AD5670EAF}"
EndProject
Project("{9A19103F-16F7-4668-BE54-9A1E7A4F7556}") = "Tbus.Parser.NETCore.Console", "Tbus.Parser.NETCore.Console\Tbus.Parser.NETCore.Console.csproj", "{CDAD3337-D631-443D-8B6C-EE21B88BE2AB}"
EndProject
Project("{FAE04EC0-301F-11D3-BF4B-00C04F79EFBC}") = "Tbus.Web", "Tbus.Web\Tbus.Web.csproj", "{2574F603-4B6C-4A30-BFDD-E3BC09EEDFDF}"
EndProject
Project("{2150E333-8FDC-42A3-9474-1A3956D46DE8}") = "Solution Items", "Solution Items", "{CF848D74-C96B-4F4F-A9EF-BBC9C327A4DD}"
	ProjectSection(SolutionItems) = preProject
		LICENSE.txt = LICENSE.txt
		README.md = README.md
	EndProjectSection
EndProject
Project("{9A19103F-16F7-4668-BE54-9A1E7A4F7556}") = "Tbus.Calendar.NETStandard", "Tbus.Calendar.NETStandard\Tbus.Calendar.NETStandard.csproj", "{F0E45F69-BB22-4A76-8A2E-4BFF35F63656}"
EndProject
Project("{9A19103F-16F7-4668-BE54-9A1E7A4F7556}") = "Tbus.Calendar.NETCore.Console", "Tbus.Calendar.NETCore.Console\Tbus.Calendar.NETCore.Console.csproj", "{F5A0B8C8-9AD8-4749-AF44-B06AB0813660}"
EndProject
Project("{FAE04EC0-301F-11D3-BF4B-00C04F79EFBC}") = "Tbus.App.XamarinForms.Android", "Tbus.App.XamarinForms.Android\Tbus.App.XamarinForms.Android.csproj", "{51DEB41B-94DF-4224-972F-9C8DFB60C988}"
EndProject
Project("{FAE04EC0-301F-11D3-BF4B-00C04F79EFBC}") = "Tbus.App.XamarinForms.iOS", "Tbus.App.XamarinForms.iOS\Tbus.App.XamarinForms.iOS.csproj", "{8586B0C0-87CD-4994-9770-62AC6E4C413E}"
EndProject
Project("{FAE04EC0-301F-11D3-BF4B-00C04F79EFBC}") = "Tbus.App.XamarinForms.UWP", "Tbus.App.XamarinForms.UWP\Tbus.App.XamarinForms.UWP.csproj", "{72B10CF7-1BA5-41E8-8AF7-A1234D067CAE}"
EndProject
Project("{9A19103F-16F7-4668-BE54-9A1E7A4F7556}") = "Tbus.App.XamarinForms", "Tbus.App.XamarinForms\Tbus.App.XamarinForms.csproj", "{567D6BCF-3789-41F4-AB05-94823010642A}"
EndProject
Project("{9A19103F-16F7-4668-BE54-9A1E7A4F7556}") = "Tbus.App.NETStandard", "Tbus.App.NETStandard\Tbus.App.NETStandard.csproj", "{7977BE15-50B1-4EC8-BB48-5CD9C609AF00}"
EndProject
Project("{FAE04EC0-301F-11D3-BF4B-00C04F79EFBC}") = "Tbus.App.XamarinForms.WPF", "Tbus.App.XamarinForms.WPF\Tbus.App.XamarinForms.WPF.csproj", "{3C8EB1DB-1084-4685-99D6-14E9239CA617}"
EndProject
Global
	GlobalSection(SolutionConfigurationPlatforms) = preSolution
		Ad-Hoc|Any CPU = Ad-Hoc|Any CPU
		Ad-Hoc|ARM = Ad-Hoc|ARM
		Ad-Hoc|iPhone = Ad-Hoc|iPhone
		Ad-Hoc|iPhoneSimulator = Ad-Hoc|iPhoneSimulator
		Ad-Hoc|x64 = Ad-Hoc|x64
		Ad-Hoc|x86 = Ad-Hoc|x86
		AppStore|Any CPU = AppStore|Any CPU
		AppStore|ARM = AppStore|ARM
		AppStore|iPhone = AppStore|iPhone
		AppStore|iPhoneSimulator = AppStore|iPhoneSimulator
		AppStore|x64 = AppStore|x64
		AppStore|x86 = AppStore|x86
		Debug|Any CPU = Debug|Any CPU
		Debug|ARM = Debug|ARM
		Debug|iPhone = Debug|iPhone
		Debug|iPhoneSimulator = Debug|iPhoneSimulator
		Debug|x64 = Debug|x64
		Debug|x86 = Debug|x86
		Release|Any CPU = Release|Any CPU
		Release|ARM = Release|ARM
		Release|iPhone = Release|iPhone
		Release|iPhoneSimulator = Release|iPhoneSimulator
		Release|x64 = Release|x64
		Release|x86 = Release|x86
	EndGlobalSection
	GlobalSection(ProjectConfigurationPlatforms) = postSolution
		{394F5959-3433-4361-A9FB-814AD5670EAF}.Ad-Hoc|Any CPU.ActiveCfg = Release|Any CPU
		{394F5959-3433-4361-A9FB-814AD5670EAF}.Ad-Hoc|Any CPU.Build.0 = Release|Any CPU
		{394F5959-3433-4361-A9FB-814AD5670EAF}.Ad-Hoc|ARM.ActiveCfg = Release|Any CPU
		{394F5959-3433-4361-A9FB-814AD5670EAF}.Ad-Hoc|ARM.Build.0 = Release|Any CPU
		{394F5959-3433-4361-A9FB-814AD5670EAF}.Ad-Hoc|iPhone.ActiveCfg = Release|Any CPU
		{394F5959-3433-4361-A9FB-814AD5670EAF}.Ad-Hoc|iPhone.Build.0 = Release|Any CPU
		{394F5959-3433-4361-A9FB-814AD5670EAF}.Ad-Hoc|iPhoneSimulator.ActiveCfg = Release|Any CPU
		{394F5959-3433-4361-A9FB-814AD5670EAF}.Ad-Hoc|iPhoneSimulator.Build.0 = Release|Any CPU
		{394F5959-3433-4361-A9FB-814AD5670EAF}.Ad-Hoc|x64.ActiveCfg = Release|Any CPU
		{394F5959-3433-4361-A9FB-814AD5670EAF}.Ad-Hoc|x64.Build.0 = Release|Any CPU
		{394F5959-3433-4361-A9FB-814AD5670EAF}.Ad-Hoc|x86.ActiveCfg = Release|Any CPU
		{394F5959-3433-4361-A9FB-814AD5670EAF}.Ad-Hoc|x86.Build.0 = Release|Any CPU
		{394F5959-3433-4361-A9FB-814AD5670EAF}.AppStore|Any CPU.ActiveCfg = Release|Any CPU
		{394F5959-3433-4361-A9FB-814AD5670EAF}.AppStore|Any CPU.Build.0 = Release|Any CPU
		{394F5959-3433-4361-A9FB-814AD5670EAF}.AppStore|ARM.ActiveCfg = Release|Any CPU
		{394F5959-3433-4361-A9FB-814AD5670EAF}.AppStore|ARM.Build.0 = Release|Any CPU
		{394F5959-3433-4361-A9FB-814AD5670EAF}.AppStore|iPhone.ActiveCfg = Release|Any CPU
		{394F5959-3433-4361-A9FB-814AD5670EAF}.AppStore|iPhone.Build.0 = Release|Any CPU
		{394F5959-3433-4361-A9FB-814AD5670EAF}.AppStore|iPhoneSimulator.ActiveCfg = Release|Any CPU
		{394F5959-3433-4361-A9FB-814AD5670EAF}.AppStore|iPhoneSimulator.Build.0 = Release|Any CPU
		{394F5959-3433-4361-A9FB-814AD5670EAF}.AppStore|x64.ActiveCfg = Release|Any CPU
		{394F5959-3433-4361-A9FB-814AD5670EAF}.AppStore|x64.Build.0 = Release|Any CPU
		{394F5959-3433-4361-A9FB-814AD5670EAF}.AppStore|x86.ActiveCfg = Release|Any CPU
		{394F5959-3433-4361-A9FB-814AD5670EAF}.AppStore|x86.Build.0 = Release|Any CPU
		{394F5959-3433-4361-A9FB-814AD5670EAF}.Debug|Any CPU.ActiveCfg = Debug|Any CPU
		{394F5959-3433-4361-A9FB-814AD5670EAF}.Debug|Any CPU.Build.0 = Debug|Any CPU
		{394F5959-3433-4361-A9FB-814AD5670EAF}.Debug|ARM.ActiveCfg = Debug|Any CPU
		{394F5959-3433-4361-A9FB-814AD5670EAF}.Debug|ARM.Build.0 = Debug|Any CPU
		{394F5959-3433-4361-A9FB-814AD5670EAF}.Debug|iPhone.ActiveCfg = Debug|Any CPU
		{394F5959-3433-4361-A9FB-814AD5670EAF}.Debug|iPhone.Build.0 = Debug|Any CPU
		{394F5959-3433-4361-A9FB-814AD5670EAF}.Debug|iPhoneSimulator.ActiveCfg = Debug|Any CPU
		{394F5959-3433-4361-A9FB-814AD5670EAF}.Debug|iPhoneSimulator.Build.0 = Debug|Any CPU
		{394F5959-3433-4361-A9FB-814AD5670EAF}.Debug|x64.ActiveCfg = Debug|Any CPU
		{394F5959-3433-4361-A9FB-814AD5670EAF}.Debug|x64.Build.0 = Debug|Any CPU
		{394F5959-3433-4361-A9FB-814AD5670EAF}.Debug|x86.ActiveCfg = Debug|Any CPU
		{394F5959-3433-4361-A9FB-814AD5670EAF}.Debug|x86.Build.0 = Debug|Any CPU
		{394F5959-3433-4361-A9FB-814AD5670EAF}.Release|Any CPU.ActiveCfg = Release|Any CPU
		{394F5959-3433-4361-A9FB-814AD5670EAF}.Release|Any CPU.Build.0 = Release|Any CPU
		{394F5959-3433-4361-A9FB-814AD5670EAF}.Release|ARM.ActiveCfg = Release|Any CPU
		{394F5959-3433-4361-A9FB-814AD5670EAF}.Release|ARM.Build.0 = Release|Any CPU
		{394F5959-3433-4361-A9FB-814AD5670EAF}.Release|iPhone.ActiveCfg = Release|Any CPU
		{394F5959-3433-4361-A9FB-814AD5670EAF}.Release|iPhone.Build.0 = Release|Any CPU
		{394F5959-3433-4361-A9FB-814AD5670EAF}.Release|iPhoneSimulator.ActiveCfg = Release|Any CPU
		{394F5959-3433-4361-A9FB-814AD5670EAF}.Release|iPhoneSimulator.Build.0 = Release|Any CPU
		{394F5959-3433-4361-A9FB-814AD5670EAF}.Release|x64.ActiveCfg = Release|Any CPU
		{394F5959-3433-4361-A9FB-814AD5670EAF}.Release|x64.Build.0 = Release|Any CPU
		{394F5959-3433-4361-A9FB-814AD5670EAF}.Release|x86.ActiveCfg = Release|Any CPU
		{394F5959-3433-4361-A9FB-814AD5670EAF}.Release|x86.Build.0 = Release|Any CPU
		{CDAD3337-D631-443D-8B6C-EE21B88BE2AB}.Ad-Hoc|Any CPU.ActiveCfg = Release|Any CPU
		{CDAD3337-D631-443D-8B6C-EE21B88BE2AB}.Ad-Hoc|Any CPU.Build.0 = Release|Any CPU
		{CDAD3337-D631-443D-8B6C-EE21B88BE2AB}.Ad-Hoc|ARM.ActiveCfg = Release|Any CPU
		{CDAD3337-D631-443D-8B6C-EE21B88BE2AB}.Ad-Hoc|ARM.Build.0 = Release|Any CPU
		{CDAD3337-D631-443D-8B6C-EE21B88BE2AB}.Ad-Hoc|iPhone.ActiveCfg = Release|Any CPU
		{CDAD3337-D631-443D-8B6C-EE21B88BE2AB}.Ad-Hoc|iPhone.Build.0 = Release|Any CPU
		{CDAD3337-D631-443D-8B6C-EE21B88BE2AB}.Ad-Hoc|iPhoneSimulator.ActiveCfg = Release|Any CPU
		{CDAD3337-D631-443D-8B6C-EE21B88BE2AB}.Ad-Hoc|iPhoneSimulator.Build.0 = Release|Any CPU
		{CDAD3337-D631-443D-8B6C-EE21B88BE2AB}.Ad-Hoc|x64.ActiveCfg = Release|Any CPU
		{CDAD3337-D631-443D-8B6C-EE21B88BE2AB}.Ad-Hoc|x64.Build.0 = Release|Any CPU
		{CDAD3337-D631-443D-8B6C-EE21B88BE2AB}.Ad-Hoc|x86.ActiveCfg = Release|Any CPU
		{CDAD3337-D631-443D-8B6C-EE21B88BE2AB}.Ad-Hoc|x86.Build.0 = Release|Any CPU
		{CDAD3337-D631-443D-8B6C-EE21B88BE2AB}.AppStore|Any CPU.ActiveCfg = Release|Any CPU
		{CDAD3337-D631-443D-8B6C-EE21B88BE2AB}.AppStore|Any CPU.Build.0 = Release|Any CPU
		{CDAD3337-D631-443D-8B6C-EE21B88BE2AB}.AppStore|ARM.ActiveCfg = Release|Any CPU
		{CDAD3337-D631-443D-8B6C-EE21B88BE2AB}.AppStore|ARM.Build.0 = Release|Any CPU
		{CDAD3337-D631-443D-8B6C-EE21B88BE2AB}.AppStore|iPhone.ActiveCfg = Release|Any CPU
		{CDAD3337-D631-443D-8B6C-EE21B88BE2AB}.AppStore|iPhone.Build.0 = Release|Any CPU
		{CDAD3337-D631-443D-8B6C-EE21B88BE2AB}.AppStore|iPhoneSimulator.ActiveCfg = Release|Any CPU
		{CDAD3337-D631-443D-8B6C-EE21B88BE2AB}.AppStore|iPhoneSimulator.Build.0 = Release|Any CPU
		{CDAD3337-D631-443D-8B6C-EE21B88BE2AB}.AppStore|x64.ActiveCfg = Release|Any CPU
		{CDAD3337-D631-443D-8B6C-EE21B88BE2AB}.AppStore|x64.Build.0 = Release|Any CPU
		{CDAD3337-D631-443D-8B6C-EE21B88BE2AB}.AppStore|x86.ActiveCfg = Release|Any CPU
		{CDAD3337-D631-443D-8B6C-EE21B88BE2AB}.AppStore|x86.Build.0 = Release|Any CPU
		{CDAD3337-D631-443D-8B6C-EE21B88BE2AB}.Debug|Any CPU.ActiveCfg = Debug|Any CPU
		{CDAD3337-D631-443D-8B6C-EE21B88BE2AB}.Debug|Any CPU.Build.0 = Debug|Any CPU
		{CDAD3337-D631-443D-8B6C-EE21B88BE2AB}.Debug|ARM.ActiveCfg = Debug|Any CPU
		{CDAD3337-D631-443D-8B6C-EE21B88BE2AB}.Debug|ARM.Build.0 = Debug|Any CPU
		{CDAD3337-D631-443D-8B6C-EE21B88BE2AB}.Debug|iPhone.ActiveCfg = Debug|Any CPU
		{CDAD3337-D631-443D-8B6C-EE21B88BE2AB}.Debug|iPhone.Build.0 = Debug|Any CPU
		{CDAD3337-D631-443D-8B6C-EE21B88BE2AB}.Debug|iPhoneSimulator.ActiveCfg = Debug|Any CPU
		{CDAD3337-D631-443D-8B6C-EE21B88BE2AB}.Debug|iPhoneSimulator.Build.0 = Debug|Any CPU
		{CDAD3337-D631-443D-8B6C-EE21B88BE2AB}.Debug|x64.ActiveCfg = Debug|Any CPU
		{CDAD3337-D631-443D-8B6C-EE21B88BE2AB}.Debug|x64.Build.0 = Debug|Any CPU
		{CDAD3337-D631-443D-8B6C-EE21B88BE2AB}.Debug|x86.ActiveCfg = Debug|Any CPU
		{CDAD3337-D631-443D-8B6C-EE21B88BE2AB}.Debug|x86.Build.0 = Debug|Any CPU
		{CDAD3337-D631-443D-8B6C-EE21B88BE2AB}.Release|Any CPU.ActiveCfg = Release|Any CPU
		{CDAD3337-D631-443D-8B6C-EE21B88BE2AB}.Release|Any CPU.Build.0 = Release|Any CPU
		{CDAD3337-D631-443D-8B6C-EE21B88BE2AB}.Release|ARM.ActiveCfg = Release|Any CPU
		{CDAD3337-D631-443D-8B6C-EE21B88BE2AB}.Release|ARM.Build.0 = Release|Any CPU
		{CDAD3337-D631-443D-8B6C-EE21B88BE2AB}.Release|iPhone.ActiveCfg = Release|Any CPU
		{CDAD3337-D631-443D-8B6C-EE21B88BE2AB}.Release|iPhone.Build.0 = Release|Any CPU
		{CDAD3337-D631-443D-8B6C-EE21B88BE2AB}.Release|iPhoneSimulator.ActiveCfg = Release|Any CPU
		{CDAD3337-D631-443D-8B6C-EE21B88BE2AB}.Release|iPhoneSimulator.Build.0 = Release|Any CPU
		{CDAD3337-D631-443D-8B6C-EE21B88BE2AB}.Release|x64.ActiveCfg = Release|Any CPU
		{CDAD3337-D631-443D-8B6C-EE21B88BE2AB}.Release|x64.Build.0 = Release|Any CPU
		{CDAD3337-D631-443D-8B6C-EE21B88BE2AB}.Release|x86.ActiveCfg = Release|Any CPU
		{CDAD3337-D631-443D-8B6C-EE21B88BE2AB}.Release|x86.Build.0 = Release|Any CPU
		{2574F603-4B6C-4A30-BFDD-E3BC09EEDFDF}.Ad-Hoc|Any CPU.ActiveCfg = Release|Any CPU
		{2574F603-4B6C-4A30-BFDD-E3BC09EEDFDF}.Ad-Hoc|Any CPU.Build.0 = Release|Any CPU
		{2574F603-4B6C-4A30-BFDD-E3BC09EEDFDF}.Ad-Hoc|ARM.ActiveCfg = Release|Any CPU
		{2574F603-4B6C-4A30-BFDD-E3BC09EEDFDF}.Ad-Hoc|ARM.Build.0 = Release|Any CPU
		{2574F603-4B6C-4A30-BFDD-E3BC09EEDFDF}.Ad-Hoc|iPhone.ActiveCfg = Release|Any CPU
		{2574F603-4B6C-4A30-BFDD-E3BC09EEDFDF}.Ad-Hoc|iPhone.Build.0 = Release|Any CPU
		{2574F603-4B6C-4A30-BFDD-E3BC09EEDFDF}.Ad-Hoc|iPhoneSimulator.ActiveCfg = Release|Any CPU
		{2574F603-4B6C-4A30-BFDD-E3BC09EEDFDF}.Ad-Hoc|iPhoneSimulator.Build.0 = Release|Any CPU
		{2574F603-4B6C-4A30-BFDD-E3BC09EEDFDF}.Ad-Hoc|x64.ActiveCfg = Release|Any CPU
		{2574F603-4B6C-4A30-BFDD-E3BC09EEDFDF}.Ad-Hoc|x64.Build.0 = Release|Any CPU
		{2574F603-4B6C-4A30-BFDD-E3BC09EEDFDF}.Ad-Hoc|x86.ActiveCfg = Release|Any CPU
		{2574F603-4B6C-4A30-BFDD-E3BC09EEDFDF}.Ad-Hoc|x86.Build.0 = Release|Any CPU
		{2574F603-4B6C-4A30-BFDD-E3BC09EEDFDF}.AppStore|Any CPU.ActiveCfg = Release|Any CPU
		{2574F603-4B6C-4A30-BFDD-E3BC09EEDFDF}.AppStore|Any CPU.Build.0 = Release|Any CPU
		{2574F603-4B6C-4A30-BFDD-E3BC09EEDFDF}.AppStore|ARM.ActiveCfg = Release|Any CPU
		{2574F603-4B6C-4A30-BFDD-E3BC09EEDFDF}.AppStore|ARM.Build.0 = Release|Any CPU
		{2574F603-4B6C-4A30-BFDD-E3BC09EEDFDF}.AppStore|iPhone.ActiveCfg = Release|Any CPU
		{2574F603-4B6C-4A30-BFDD-E3BC09EEDFDF}.AppStore|iPhone.Build.0 = Release|Any CPU
		{2574F603-4B6C-4A30-BFDD-E3BC09EEDFDF}.AppStore|iPhoneSimulator.ActiveCfg = Release|Any CPU
		{2574F603-4B6C-4A30-BFDD-E3BC09EEDFDF}.AppStore|iPhoneSimulator.Build.0 = Release|Any CPU
		{2574F603-4B6C-4A30-BFDD-E3BC09EEDFDF}.AppStore|x64.ActiveCfg = Release|Any CPU
		{2574F603-4B6C-4A30-BFDD-E3BC09EEDFDF}.AppStore|x64.Build.0 = Release|Any CPU
		{2574F603-4B6C-4A30-BFDD-E3BC09EEDFDF}.AppStore|x86.ActiveCfg = Release|Any CPU
		{2574F603-4B6C-4A30-BFDD-E3BC09EEDFDF}.AppStore|x86.Build.0 = Release|Any CPU
		{2574F603-4B6C-4A30-BFDD-E3BC09EEDFDF}.Debug|Any CPU.ActiveCfg = Debug|Any CPU
		{2574F603-4B6C-4A30-BFDD-E3BC09EEDFDF}.Debug|Any CPU.Build.0 = Debug|Any CPU
		{2574F603-4B6C-4A30-BFDD-E3BC09EEDFDF}.Debug|ARM.ActiveCfg = Debug|Any CPU
		{2574F603-4B6C-4A30-BFDD-E3BC09EEDFDF}.Debug|ARM.Build.0 = Debug|Any CPU
		{2574F603-4B6C-4A30-BFDD-E3BC09EEDFDF}.Debug|iPhone.ActiveCfg = Debug|Any CPU
		{2574F603-4B6C-4A30-BFDD-E3BC09EEDFDF}.Debug|iPhone.Build.0 = Debug|Any CPU
		{2574F603-4B6C-4A30-BFDD-E3BC09EEDFDF}.Debug|iPhoneSimulator.ActiveCfg = Debug|Any CPU
		{2574F603-4B6C-4A30-BFDD-E3BC09EEDFDF}.Debug|iPhoneSimulator.Build.0 = Debug|Any CPU
		{2574F603-4B6C-4A30-BFDD-E3BC09EEDFDF}.Debug|x64.ActiveCfg = Debug|Any CPU
		{2574F603-4B6C-4A30-BFDD-E3BC09EEDFDF}.Debug|x64.Build.0 = Debug|Any CPU
		{2574F603-4B6C-4A30-BFDD-E3BC09EEDFDF}.Debug|x86.ActiveCfg = Debug|Any CPU
		{2574F603-4B6C-4A30-BFDD-E3BC09EEDFDF}.Debug|x86.Build.0 = Debug|Any CPU
		{2574F603-4B6C-4A30-BFDD-E3BC09EEDFDF}.Release|Any CPU.ActiveCfg = Release|Any CPU
		{2574F603-4B6C-4A30-BFDD-E3BC09EEDFDF}.Release|Any CPU.Build.0 = Release|Any CPU
		{2574F603-4B6C-4A30-BFDD-E3BC09EEDFDF}.Release|ARM.ActiveCfg = Release|Any CPU
		{2574F603-4B6C-4A30-BFDD-E3BC09EEDFDF}.Release|ARM.Build.0 = Release|Any CPU
		{2574F603-4B6C-4A30-BFDD-E3BC09EEDFDF}.Release|iPhone.ActiveCfg = Release|Any CPU
		{2574F603-4B6C-4A30-BFDD-E3BC09EEDFDF}.Release|iPhone.Build.0 = Release|Any CPU
		{2574F603-4B6C-4A30-BFDD-E3BC09EEDFDF}.Release|iPhoneSimulator.ActiveCfg = Release|Any CPU
		{2574F603-4B6C-4A30-BFDD-E3BC09EEDFDF}.Release|iPhoneSimulator.Build.0 = Release|Any CPU
		{2574F603-4B6C-4A30-BFDD-E3BC09EEDFDF}.Release|x64.ActiveCfg = Release|Any CPU
		{2574F603-4B6C-4A30-BFDD-E3BC09EEDFDF}.Release|x64.Build.0 = Release|Any CPU
		{2574F603-4B6C-4A30-BFDD-E3BC09EEDFDF}.Release|x86.ActiveCfg = Release|Any CPU
		{2574F603-4B6C-4A30-BFDD-E3BC09EEDFDF}.Release|x86.Build.0 = Release|Any CPU
		{F0E45F69-BB22-4A76-8A2E-4BFF35F63656}.Ad-Hoc|Any CPU.ActiveCfg = Release|Any CPU
		{F0E45F69-BB22-4A76-8A2E-4BFF35F63656}.Ad-Hoc|Any CPU.Build.0 = Release|Any CPU
		{F0E45F69-BB22-4A76-8A2E-4BFF35F63656}.Ad-Hoc|ARM.ActiveCfg = Release|Any CPU
		{F0E45F69-BB22-4A76-8A2E-4BFF35F63656}.Ad-Hoc|ARM.Build.0 = Release|Any CPU
		{F0E45F69-BB22-4A76-8A2E-4BFF35F63656}.Ad-Hoc|iPhone.ActiveCfg = Release|Any CPU
		{F0E45F69-BB22-4A76-8A2E-4BFF35F63656}.Ad-Hoc|iPhone.Build.0 = Release|Any CPU
		{F0E45F69-BB22-4A76-8A2E-4BFF35F63656}.Ad-Hoc|iPhoneSimulator.ActiveCfg = Release|Any CPU
		{F0E45F69-BB22-4A76-8A2E-4BFF35F63656}.Ad-Hoc|iPhoneSimulator.Build.0 = Release|Any CPU
		{F0E45F69-BB22-4A76-8A2E-4BFF35F63656}.Ad-Hoc|x64.ActiveCfg = Release|Any CPU
		{F0E45F69-BB22-4A76-8A2E-4BFF35F63656}.Ad-Hoc|x64.Build.0 = Release|Any CPU
		{F0E45F69-BB22-4A76-8A2E-4BFF35F63656}.Ad-Hoc|x86.ActiveCfg = Release|Any CPU
		{F0E45F69-BB22-4A76-8A2E-4BFF35F63656}.Ad-Hoc|x86.Build.0 = Release|Any CPU
		{F0E45F69-BB22-4A76-8A2E-4BFF35F63656}.AppStore|Any CPU.ActiveCfg = Release|Any CPU
		{F0E45F69-BB22-4A76-8A2E-4BFF35F63656}.AppStore|Any CPU.Build.0 = Release|Any CPU
		{F0E45F69-BB22-4A76-8A2E-4BFF35F63656}.AppStore|ARM.ActiveCfg = Release|Any CPU
		{F0E45F69-BB22-4A76-8A2E-4BFF35F63656}.AppStore|ARM.Build.0 = Release|Any CPU
		{F0E45F69-BB22-4A76-8A2E-4BFF35F63656}.AppStore|iPhone.ActiveCfg = Release|Any CPU
		{F0E45F69-BB22-4A76-8A2E-4BFF35F63656}.AppStore|iPhone.Build.0 = Release|Any CPU
		{F0E45F69-BB22-4A76-8A2E-4BFF35F63656}.AppStore|iPhoneSimulator.ActiveCfg = Release|Any CPU
		{F0E45F69-BB22-4A76-8A2E-4BFF35F63656}.AppStore|iPhoneSimulator.Build.0 = Release|Any CPU
		{F0E45F69-BB22-4A76-8A2E-4BFF35F63656}.AppStore|x64.ActiveCfg = Release|Any CPU
		{F0E45F69-BB22-4A76-8A2E-4BFF35F63656}.AppStore|x64.Build.0 = Release|Any CPU
		{F0E45F69-BB22-4A76-8A2E-4BFF35F63656}.AppStore|x86.ActiveCfg = Release|Any CPU
		{F0E45F69-BB22-4A76-8A2E-4BFF35F63656}.AppStore|x86.Build.0 = Release|Any CPU
		{F0E45F69-BB22-4A76-8A2E-4BFF35F63656}.Debug|Any CPU.ActiveCfg = Debug|Any CPU
		{F0E45F69-BB22-4A76-8A2E-4BFF35F63656}.Debug|Any CPU.Build.0 = Debug|Any CPU
		{F0E45F69-BB22-4A76-8A2E-4BFF35F63656}.Debug|ARM.ActiveCfg = Debug|Any CPU
		{F0E45F69-BB22-4A76-8A2E-4BFF35F63656}.Debug|ARM.Build.0 = Debug|Any CPU
		{F0E45F69-BB22-4A76-8A2E-4BFF35F63656}.Debug|iPhone.ActiveCfg = Debug|Any CPU
		{F0E45F69-BB22-4A76-8A2E-4BFF35F63656}.Debug|iPhone.Build.0 = Debug|Any CPU
		{F0E45F69-BB22-4A76-8A2E-4BFF35F63656}.Debug|iPhoneSimulator.ActiveCfg = Debug|Any CPU
		{F0E45F69-BB22-4A76-8A2E-4BFF35F63656}.Debug|iPhoneSimulator.Build.0 = Debug|Any CPU
		{F0E45F69-BB22-4A76-8A2E-4BFF35F63656}.Debug|x64.ActiveCfg = Debug|Any CPU
		{F0E45F69-BB22-4A76-8A2E-4BFF35F63656}.Debug|x64.Build.0 = Debug|Any CPU
		{F0E45F69-BB22-4A76-8A2E-4BFF35F63656}.Debug|x86.ActiveCfg = Debug|Any CPU
		{F0E45F69-BB22-4A76-8A2E-4BFF35F63656}.Debug|x86.Build.0 = Debug|Any CPU
		{F0E45F69-BB22-4A76-8A2E-4BFF35F63656}.Release|Any CPU.ActiveCfg = Release|Any CPU
		{F0E45F69-BB22-4A76-8A2E-4BFF35F63656}.Release|Any CPU.Build.0 = Release|Any CPU
		{F0E45F69-BB22-4A76-8A2E-4BFF35F63656}.Release|ARM.ActiveCfg = Release|Any CPU
		{F0E45F69-BB22-4A76-8A2E-4BFF35F63656}.Release|ARM.Build.0 = Release|Any CPU
		{F0E45F69-BB22-4A76-8A2E-4BFF35F63656}.Release|iPhone.ActiveCfg = Release|Any CPU
		{F0E45F69-BB22-4A76-8A2E-4BFF35F63656}.Release|iPhone.Build.0 = Release|Any CPU
		{F0E45F69-BB22-4A76-8A2E-4BFF35F63656}.Release|iPhoneSimulator.ActiveCfg = Release|Any CPU
		{F0E45F69-BB22-4A76-8A2E-4BFF35F63656}.Release|iPhoneSimulator.Build.0 = Release|Any CPU
		{F0E45F69-BB22-4A76-8A2E-4BFF35F63656}.Release|x64.ActiveCfg = Release|Any CPU
		{F0E45F69-BB22-4A76-8A2E-4BFF35F63656}.Release|x64.Build.0 = Release|Any CPU
		{F0E45F69-BB22-4A76-8A2E-4BFF35F63656}.Release|x86.ActiveCfg = Release|Any CPU
		{F0E45F69-BB22-4A76-8A2E-4BFF35F63656}.Release|x86.Build.0 = Release|Any CPU
		{F5A0B8C8-9AD8-4749-AF44-B06AB0813660}.Ad-Hoc|Any CPU.ActiveCfg = Release|Any CPU
		{F5A0B8C8-9AD8-4749-AF44-B06AB0813660}.Ad-Hoc|Any CPU.Build.0 = Release|Any CPU
		{F5A0B8C8-9AD8-4749-AF44-B06AB0813660}.Ad-Hoc|ARM.ActiveCfg = Release|Any CPU
		{F5A0B8C8-9AD8-4749-AF44-B06AB0813660}.Ad-Hoc|ARM.Build.0 = Release|Any CPU
		{F5A0B8C8-9AD8-4749-AF44-B06AB0813660}.Ad-Hoc|iPhone.ActiveCfg = Release|Any CPU
		{F5A0B8C8-9AD8-4749-AF44-B06AB0813660}.Ad-Hoc|iPhone.Build.0 = Release|Any CPU
		{F5A0B8C8-9AD8-4749-AF44-B06AB0813660}.Ad-Hoc|iPhoneSimulator.ActiveCfg = Release|Any CPU
		{F5A0B8C8-9AD8-4749-AF44-B06AB0813660}.Ad-Hoc|iPhoneSimulator.Build.0 = Release|Any CPU
		{F5A0B8C8-9AD8-4749-AF44-B06AB0813660}.Ad-Hoc|x64.ActiveCfg = Release|Any CPU
		{F5A0B8C8-9AD8-4749-AF44-B06AB0813660}.Ad-Hoc|x64.Build.0 = Release|Any CPU
		{F5A0B8C8-9AD8-4749-AF44-B06AB0813660}.Ad-Hoc|x86.ActiveCfg = Release|Any CPU
		{F5A0B8C8-9AD8-4749-AF44-B06AB0813660}.Ad-Hoc|x86.Build.0 = Release|Any CPU
		{F5A0B8C8-9AD8-4749-AF44-B06AB0813660}.AppStore|Any CPU.ActiveCfg = Release|Any CPU
		{F5A0B8C8-9AD8-4749-AF44-B06AB0813660}.AppStore|Any CPU.Build.0 = Release|Any CPU
		{F5A0B8C8-9AD8-4749-AF44-B06AB0813660}.AppStore|ARM.ActiveCfg = Release|Any CPU
		{F5A0B8C8-9AD8-4749-AF44-B06AB0813660}.AppStore|ARM.Build.0 = Release|Any CPU
		{F5A0B8C8-9AD8-4749-AF44-B06AB0813660}.AppStore|iPhone.ActiveCfg = Release|Any CPU
		{F5A0B8C8-9AD8-4749-AF44-B06AB0813660}.AppStore|iPhone.Build.0 = Release|Any CPU
		{F5A0B8C8-9AD8-4749-AF44-B06AB0813660}.AppStore|iPhoneSimulator.ActiveCfg = Release|Any CPU
		{F5A0B8C8-9AD8-4749-AF44-B06AB0813660}.AppStore|iPhoneSimulator.Build.0 = Release|Any CPU
		{F5A0B8C8-9AD8-4749-AF44-B06AB0813660}.AppStore|x64.ActiveCfg = Release|Any CPU
		{F5A0B8C8-9AD8-4749-AF44-B06AB0813660}.AppStore|x64.Build.0 = Release|Any CPU
		{F5A0B8C8-9AD8-4749-AF44-B06AB0813660}.AppStore|x86.ActiveCfg = Release|Any CPU
		{F5A0B8C8-9AD8-4749-AF44-B06AB0813660}.AppStore|x86.Build.0 = Release|Any CPU
		{F5A0B8C8-9AD8-4749-AF44-B06AB0813660}.Debug|Any CPU.ActiveCfg = Debug|Any CPU
		{F5A0B8C8-9AD8-4749-AF44-B06AB0813660}.Debug|Any CPU.Build.0 = Debug|Any CPU
		{F5A0B8C8-9AD8-4749-AF44-B06AB0813660}.Debug|ARM.ActiveCfg = Debug|Any CPU
		{F5A0B8C8-9AD8-4749-AF44-B06AB0813660}.Debug|ARM.Build.0 = Debug|Any CPU
		{F5A0B8C8-9AD8-4749-AF44-B06AB0813660}.Debug|iPhone.ActiveCfg = Debug|Any CPU
		{F5A0B8C8-9AD8-4749-AF44-B06AB0813660}.Debug|iPhone.Build.0 = Debug|Any CPU
		{F5A0B8C8-9AD8-4749-AF44-B06AB0813660}.Debug|iPhoneSimulator.ActiveCfg = Debug|Any CPU
		{F5A0B8C8-9AD8-4749-AF44-B06AB0813660}.Debug|iPhoneSimulator.Build.0 = Debug|Any CPU
		{F5A0B8C8-9AD8-4749-AF44-B06AB0813660}.Debug|x64.ActiveCfg = Debug|Any CPU
		{F5A0B8C8-9AD8-4749-AF44-B06AB0813660}.Debug|x64.Build.0 = Debug|Any CPU
		{F5A0B8C8-9AD8-4749-AF44-B06AB0813660}.Debug|x86.ActiveCfg = Debug|Any CPU
		{F5A0B8C8-9AD8-4749-AF44-B06AB0813660}.Debug|x86.Build.0 = Debug|Any CPU
		{F5A0B8C8-9AD8-4749-AF44-B06AB0813660}.Release|Any CPU.ActiveCfg = Release|Any CPU
		{F5A0B8C8-9AD8-4749-AF44-B06AB0813660}.Release|Any CPU.Build.0 = Release|Any CPU
		{F5A0B8C8-9AD8-4749-AF44-B06AB0813660}.Release|ARM.ActiveCfg = Release|Any CPU
		{F5A0B8C8-9AD8-4749-AF44-B06AB0813660}.Release|ARM.Build.0 = Release|Any CPU
		{F5A0B8C8-9AD8-4749-AF44-B06AB0813660}.Release|iPhone.ActiveCfg = Release|Any CPU
		{F5A0B8C8-9AD8-4749-AF44-B06AB0813660}.Release|iPhone.Build.0 = Release|Any CPU
		{F5A0B8C8-9AD8-4749-AF44-B06AB0813660}.Release|iPhoneSimulator.ActiveCfg = Release|Any CPU
		{F5A0B8C8-9AD8-4749-AF44-B06AB0813660}.Release|iPhoneSimulator.Build.0 = Release|Any CPU
		{F5A0B8C8-9AD8-4749-AF44-B06AB0813660}.Release|x64.ActiveCfg = Release|Any CPU
		{F5A0B8C8-9AD8-4749-AF44-B06AB0813660}.Release|x64.Build.0 = Release|Any CPU
		{F5A0B8C8-9AD8-4749-AF44-B06AB0813660}.Release|x86.ActiveCfg = Release|Any CPU
		{F5A0B8C8-9AD8-4749-AF44-B06AB0813660}.Release|x86.Build.0 = Release|Any CPU
		{51DEB41B-94DF-4224-972F-9C8DFB60C988}.Ad-Hoc|Any CPU.ActiveCfg = Release|Any CPU
		{51DEB41B-94DF-4224-972F-9C8DFB60C988}.Ad-Hoc|Any CPU.Build.0 = Release|Any CPU
		{51DEB41B-94DF-4224-972F-9C8DFB60C988}.Ad-Hoc|Any CPU.Deploy.0 = Release|Any CPU
		{51DEB41B-94DF-4224-972F-9C8DFB60C988}.Ad-Hoc|ARM.ActiveCfg = Release|Any CPU
		{51DEB41B-94DF-4224-972F-9C8DFB60C988}.Ad-Hoc|ARM.Build.0 = Release|Any CPU
		{51DEB41B-94DF-4224-972F-9C8DFB60C988}.Ad-Hoc|ARM.Deploy.0 = Release|Any CPU
		{51DEB41B-94DF-4224-972F-9C8DFB60C988}.Ad-Hoc|iPhone.ActiveCfg = Release|Any CPU
		{51DEB41B-94DF-4224-972F-9C8DFB60C988}.Ad-Hoc|iPhone.Build.0 = Release|Any CPU
		{51DEB41B-94DF-4224-972F-9C8DFB60C988}.Ad-Hoc|iPhone.Deploy.0 = Release|Any CPU
		{51DEB41B-94DF-4224-972F-9C8DFB60C988}.Ad-Hoc|iPhoneSimulator.ActiveCfg = Release|Any CPU
		{51DEB41B-94DF-4224-972F-9C8DFB60C988}.Ad-Hoc|iPhoneSimulator.Build.0 = Release|Any CPU
		{51DEB41B-94DF-4224-972F-9C8DFB60C988}.Ad-Hoc|iPhoneSimulator.Deploy.0 = Release|Any CPU
		{51DEB41B-94DF-4224-972F-9C8DFB60C988}.Ad-Hoc|x64.ActiveCfg = Release|Any CPU
		{51DEB41B-94DF-4224-972F-9C8DFB60C988}.Ad-Hoc|x64.Build.0 = Release|Any CPU
		{51DEB41B-94DF-4224-972F-9C8DFB60C988}.Ad-Hoc|x64.Deploy.0 = Release|Any CPU
		{51DEB41B-94DF-4224-972F-9C8DFB60C988}.Ad-Hoc|x86.ActiveCfg = Release|Any CPU
		{51DEB41B-94DF-4224-972F-9C8DFB60C988}.Ad-Hoc|x86.Build.0 = Release|Any CPU
		{51DEB41B-94DF-4224-972F-9C8DFB60C988}.Ad-Hoc|x86.Deploy.0 = Release|Any CPU
		{51DEB41B-94DF-4224-972F-9C8DFB60C988}.AppStore|Any CPU.ActiveCfg = Release|Any CPU
		{51DEB41B-94DF-4224-972F-9C8DFB60C988}.AppStore|Any CPU.Build.0 = Release|Any CPU
		{51DEB41B-94DF-4224-972F-9C8DFB60C988}.AppStore|Any CPU.Deploy.0 = Release|Any CPU
		{51DEB41B-94DF-4224-972F-9C8DFB60C988}.AppStore|ARM.ActiveCfg = Release|Any CPU
		{51DEB41B-94DF-4224-972F-9C8DFB60C988}.AppStore|ARM.Build.0 = Release|Any CPU
		{51DEB41B-94DF-4224-972F-9C8DFB60C988}.AppStore|ARM.Deploy.0 = Release|Any CPU
		{51DEB41B-94DF-4224-972F-9C8DFB60C988}.AppStore|iPhone.ActiveCfg = Release|Any CPU
		{51DEB41B-94DF-4224-972F-9C8DFB60C988}.AppStore|iPhone.Build.0 = Release|Any CPU
		{51DEB41B-94DF-4224-972F-9C8DFB60C988}.AppStore|iPhone.Deploy.0 = Release|Any CPU
		{51DEB41B-94DF-4224-972F-9C8DFB60C988}.AppStore|iPhoneSimulator.ActiveCfg = Release|Any CPU
		{51DEB41B-94DF-4224-972F-9C8DFB60C988}.AppStore|iPhoneSimulator.Build.0 = Release|Any CPU
		{51DEB41B-94DF-4224-972F-9C8DFB60C988}.AppStore|iPhoneSimulator.Deploy.0 = Release|Any CPU
		{51DEB41B-94DF-4224-972F-9C8DFB60C988}.AppStore|x64.ActiveCfg = Release|Any CPU
		{51DEB41B-94DF-4224-972F-9C8DFB60C988}.AppStore|x64.Build.0 = Release|Any CPU
		{51DEB41B-94DF-4224-972F-9C8DFB60C988}.AppStore|x64.Deploy.0 = Release|Any CPU
		{51DEB41B-94DF-4224-972F-9C8DFB60C988}.AppStore|x86.ActiveCfg = Release|Any CPU
		{51DEB41B-94DF-4224-972F-9C8DFB60C988}.AppStore|x86.Build.0 = Release|Any CPU
		{51DEB41B-94DF-4224-972F-9C8DFB60C988}.AppStore|x86.Deploy.0 = Release|Any CPU
		{51DEB41B-94DF-4224-972F-9C8DFB60C988}.Debug|Any CPU.ActiveCfg = Debug|Any CPU
		{51DEB41B-94DF-4224-972F-9C8DFB60C988}.Debug|Any CPU.Build.0 = Debug|Any CPU
		{51DEB41B-94DF-4224-972F-9C8DFB60C988}.Debug|Any CPU.Deploy.0 = Debug|Any CPU
		{51DEB41B-94DF-4224-972F-9C8DFB60C988}.Debug|ARM.ActiveCfg = Debug|Any CPU
		{51DEB41B-94DF-4224-972F-9C8DFB60C988}.Debug|ARM.Build.0 = Debug|Any CPU
		{51DEB41B-94DF-4224-972F-9C8DFB60C988}.Debug|ARM.Deploy.0 = Debug|Any CPU
		{51DEB41B-94DF-4224-972F-9C8DFB60C988}.Debug|iPhone.ActiveCfg = Debug|Any CPU
		{51DEB41B-94DF-4224-972F-9C8DFB60C988}.Debug|iPhone.Build.0 = Debug|Any CPU
		{51DEB41B-94DF-4224-972F-9C8DFB60C988}.Debug|iPhone.Deploy.0 = Debug|Any CPU
		{51DEB41B-94DF-4224-972F-9C8DFB60C988}.Debug|iPhoneSimulator.ActiveCfg = Debug|Any CPU
		{51DEB41B-94DF-4224-972F-9C8DFB60C988}.Debug|iPhoneSimulator.Build.0 = Debug|Any CPU
		{51DEB41B-94DF-4224-972F-9C8DFB60C988}.Debug|iPhoneSimulator.Deploy.0 = Debug|Any CPU
		{51DEB41B-94DF-4224-972F-9C8DFB60C988}.Debug|x64.ActiveCfg = Debug|Any CPU
		{51DEB41B-94DF-4224-972F-9C8DFB60C988}.Debug|x64.Build.0 = Debug|Any CPU
		{51DEB41B-94DF-4224-972F-9C8DFB60C988}.Debug|x64.Deploy.0 = Debug|Any CPU
		{51DEB41B-94DF-4224-972F-9C8DFB60C988}.Debug|x86.ActiveCfg = Debug|Any CPU
		{51DEB41B-94DF-4224-972F-9C8DFB60C988}.Debug|x86.Build.0 = Debug|Any CPU
		{51DEB41B-94DF-4224-972F-9C8DFB60C988}.Debug|x86.Deploy.0 = Debug|Any CPU
		{51DEB41B-94DF-4224-972F-9C8DFB60C988}.Release|Any CPU.ActiveCfg = Release|Any CPU
		{51DEB41B-94DF-4224-972F-9C8DFB60C988}.Release|Any CPU.Build.0 = Release|Any CPU
		{51DEB41B-94DF-4224-972F-9C8DFB60C988}.Release|Any CPU.Deploy.0 = Release|Any CPU
		{51DEB41B-94DF-4224-972F-9C8DFB60C988}.Release|ARM.ActiveCfg = Release|Any CPU
		{51DEB41B-94DF-4224-972F-9C8DFB60C988}.Release|ARM.Build.0 = Release|Any CPU
		{51DEB41B-94DF-4224-972F-9C8DFB60C988}.Release|ARM.Deploy.0 = Release|Any CPU
		{51DEB41B-94DF-4224-972F-9C8DFB60C988}.Release|iPhone.ActiveCfg = Release|Any CPU
		{51DEB41B-94DF-4224-972F-9C8DFB60C988}.Release|iPhone.Build.0 = Release|Any CPU
		{51DEB41B-94DF-4224-972F-9C8DFB60C988}.Release|iPhone.Deploy.0 = Release|Any CPU
		{51DEB41B-94DF-4224-972F-9C8DFB60C988}.Release|iPhoneSimulator.ActiveCfg = Release|Any CPU
		{51DEB41B-94DF-4224-972F-9C8DFB60C988}.Release|iPhoneSimulator.Build.0 = Release|Any CPU
		{51DEB41B-94DF-4224-972F-9C8DFB60C988}.Release|iPhoneSimulator.Deploy.0 = Release|Any CPU
		{51DEB41B-94DF-4224-972F-9C8DFB60C988}.Release|x64.ActiveCfg = Release|Any CPU
		{51DEB41B-94DF-4224-972F-9C8DFB60C988}.Release|x64.Build.0 = Release|Any CPU
		{51DEB41B-94DF-4224-972F-9C8DFB60C988}.Release|x64.Deploy.0 = Release|Any CPU
		{51DEB41B-94DF-4224-972F-9C8DFB60C988}.Release|x86.ActiveCfg = Release|Any CPU
		{51DEB41B-94DF-4224-972F-9C8DFB60C988}.Release|x86.Build.0 = Release|Any CPU
		{51DEB41B-94DF-4224-972F-9C8DFB60C988}.Release|x86.Deploy.0 = Release|Any CPU
		{8586B0C0-87CD-4994-9770-62AC6E4C413E}.Ad-Hoc|Any CPU.ActiveCfg = Ad-Hoc|iPhone
		{8586B0C0-87CD-4994-9770-62AC6E4C413E}.Ad-Hoc|ARM.ActiveCfg = Ad-Hoc|iPhone
		{8586B0C0-87CD-4994-9770-62AC6E4C413E}.Ad-Hoc|iPhone.ActiveCfg = Ad-Hoc|iPhone
		{8586B0C0-87CD-4994-9770-62AC6E4C413E}.Ad-Hoc|iPhone.Build.0 = Ad-Hoc|iPhone
		{8586B0C0-87CD-4994-9770-62AC6E4C413E}.Ad-Hoc|iPhoneSimulator.ActiveCfg = Ad-Hoc|iPhoneSimulator
		{8586B0C0-87CD-4994-9770-62AC6E4C413E}.Ad-Hoc|iPhoneSimulator.Build.0 = Ad-Hoc|iPhoneSimulator
		{8586B0C0-87CD-4994-9770-62AC6E4C413E}.Ad-Hoc|x64.ActiveCfg = Ad-Hoc|iPhone
		{8586B0C0-87CD-4994-9770-62AC6E4C413E}.Ad-Hoc|x86.ActiveCfg = Ad-Hoc|iPhone
		{8586B0C0-87CD-4994-9770-62AC6E4C413E}.AppStore|Any CPU.ActiveCfg = AppStore|iPhone
		{8586B0C0-87CD-4994-9770-62AC6E4C413E}.AppStore|ARM.ActiveCfg = AppStore|iPhone
		{8586B0C0-87CD-4994-9770-62AC6E4C413E}.AppStore|iPhone.ActiveCfg = AppStore|iPhone
		{8586B0C0-87CD-4994-9770-62AC6E4C413E}.AppStore|iPhone.Build.0 = AppStore|iPhone
		{8586B0C0-87CD-4994-9770-62AC6E4C413E}.AppStore|iPhoneSimulator.ActiveCfg = AppStore|iPhoneSimulator
		{8586B0C0-87CD-4994-9770-62AC6E4C413E}.AppStore|iPhoneSimulator.Build.0 = AppStore|iPhoneSimulator
		{8586B0C0-87CD-4994-9770-62AC6E4C413E}.AppStore|x64.ActiveCfg = AppStore|iPhone
		{8586B0C0-87CD-4994-9770-62AC6E4C413E}.AppStore|x86.ActiveCfg = AppStore|iPhone
		{8586B0C0-87CD-4994-9770-62AC6E4C413E}.Debug|Any CPU.ActiveCfg = Debug|iPhone
		{8586B0C0-87CD-4994-9770-62AC6E4C413E}.Debug|ARM.ActiveCfg = Debug|iPhone
		{8586B0C0-87CD-4994-9770-62AC6E4C413E}.Debug|iPhone.ActiveCfg = Debug|iPhone
		{8586B0C0-87CD-4994-9770-62AC6E4C413E}.Debug|iPhone.Build.0 = Debug|iPhone
		{8586B0C0-87CD-4994-9770-62AC6E4C413E}.Debug|iPhoneSimulator.ActiveCfg = Debug|iPhoneSimulator
		{8586B0C0-87CD-4994-9770-62AC6E4C413E}.Debug|iPhoneSimulator.Build.0 = Debug|iPhoneSimulator
		{8586B0C0-87CD-4994-9770-62AC6E4C413E}.Debug|x64.ActiveCfg = Debug|iPhone
		{8586B0C0-87CD-4994-9770-62AC6E4C413E}.Debug|x86.ActiveCfg = Debug|iPhone
		{8586B0C0-87CD-4994-9770-62AC6E4C413E}.Release|Any CPU.ActiveCfg = Release|iPhone
		{8586B0C0-87CD-4994-9770-62AC6E4C413E}.Release|ARM.ActiveCfg = Release|iPhone
		{8586B0C0-87CD-4994-9770-62AC6E4C413E}.Release|iPhone.ActiveCfg = Release|iPhone
		{8586B0C0-87CD-4994-9770-62AC6E4C413E}.Release|iPhone.Build.0 = Release|iPhone
		{8586B0C0-87CD-4994-9770-62AC6E4C413E}.Release|iPhoneSimulator.ActiveCfg = Release|iPhoneSimulator
		{8586B0C0-87CD-4994-9770-62AC6E4C413E}.Release|iPhoneSimulator.Build.0 = Release|iPhoneSimulator
		{8586B0C0-87CD-4994-9770-62AC6E4C413E}.Release|x64.ActiveCfg = Release|iPhone
		{8586B0C0-87CD-4994-9770-62AC6E4C413E}.Release|x86.ActiveCfg = Release|iPhone
		{72B10CF7-1BA5-41E8-8AF7-A1234D067CAE}.Ad-Hoc|Any CPU.ActiveCfg = Release|x86
		{72B10CF7-1BA5-41E8-8AF7-A1234D067CAE}.Ad-Hoc|Any CPU.Build.0 = Release|x86
		{72B10CF7-1BA5-41E8-8AF7-A1234D067CAE}.Ad-Hoc|Any CPU.Deploy.0 = Release|x86
		{72B10CF7-1BA5-41E8-8AF7-A1234D067CAE}.Ad-Hoc|ARM.ActiveCfg = Release|ARM
		{72B10CF7-1BA5-41E8-8AF7-A1234D067CAE}.Ad-Hoc|ARM.Build.0 = Release|ARM
		{72B10CF7-1BA5-41E8-8AF7-A1234D067CAE}.Ad-Hoc|ARM.Deploy.0 = Release|ARM
		{72B10CF7-1BA5-41E8-8AF7-A1234D067CAE}.Ad-Hoc|iPhone.ActiveCfg = Release|x86
		{72B10CF7-1BA5-41E8-8AF7-A1234D067CAE}.Ad-Hoc|iPhone.Build.0 = Release|x86
		{72B10CF7-1BA5-41E8-8AF7-A1234D067CAE}.Ad-Hoc|iPhone.Deploy.0 = Release|x86
		{72B10CF7-1BA5-41E8-8AF7-A1234D067CAE}.Ad-Hoc|iPhoneSimulator.ActiveCfg = Release|x86
		{72B10CF7-1BA5-41E8-8AF7-A1234D067CAE}.Ad-Hoc|iPhoneSimulator.Build.0 = Release|x86
		{72B10CF7-1BA5-41E8-8AF7-A1234D067CAE}.Ad-Hoc|iPhoneSimulator.Deploy.0 = Release|x86
		{72B10CF7-1BA5-41E8-8AF7-A1234D067CAE}.Ad-Hoc|x64.ActiveCfg = Release|x64
		{72B10CF7-1BA5-41E8-8AF7-A1234D067CAE}.Ad-Hoc|x64.Build.0 = Release|x64
		{72B10CF7-1BA5-41E8-8AF7-A1234D067CAE}.Ad-Hoc|x64.Deploy.0 = Release|x64
		{72B10CF7-1BA5-41E8-8AF7-A1234D067CAE}.Ad-Hoc|x86.ActiveCfg = Release|x86
		{72B10CF7-1BA5-41E8-8AF7-A1234D067CAE}.Ad-Hoc|x86.Build.0 = Release|x86
		{72B10CF7-1BA5-41E8-8AF7-A1234D067CAE}.Ad-Hoc|x86.Deploy.0 = Release|x86
		{72B10CF7-1BA5-41E8-8AF7-A1234D067CAE}.AppStore|Any CPU.ActiveCfg = Release|x86
		{72B10CF7-1BA5-41E8-8AF7-A1234D067CAE}.AppStore|Any CPU.Build.0 = Release|x86
		{72B10CF7-1BA5-41E8-8AF7-A1234D067CAE}.AppStore|Any CPU.Deploy.0 = Release|x86
		{72B10CF7-1BA5-41E8-8AF7-A1234D067CAE}.AppStore|ARM.ActiveCfg = Release|ARM
		{72B10CF7-1BA5-41E8-8AF7-A1234D067CAE}.AppStore|ARM.Build.0 = Release|ARM
		{72B10CF7-1BA5-41E8-8AF7-A1234D067CAE}.AppStore|ARM.Deploy.0 = Release|ARM
		{72B10CF7-1BA5-41E8-8AF7-A1234D067CAE}.AppStore|iPhone.ActiveCfg = Release|x86
		{72B10CF7-1BA5-41E8-8AF7-A1234D067CAE}.AppStore|iPhone.Build.0 = Release|x86
		{72B10CF7-1BA5-41E8-8AF7-A1234D067CAE}.AppStore|iPhone.Deploy.0 = Release|x86
		{72B10CF7-1BA5-41E8-8AF7-A1234D067CAE}.AppStore|iPhoneSimulator.ActiveCfg = Release|x86
		{72B10CF7-1BA5-41E8-8AF7-A1234D067CAE}.AppStore|iPhoneSimulator.Build.0 = Release|x86
		{72B10CF7-1BA5-41E8-8AF7-A1234D067CAE}.AppStore|iPhoneSimulator.Deploy.0 = Release|x86
		{72B10CF7-1BA5-41E8-8AF7-A1234D067CAE}.AppStore|x64.ActiveCfg = Release|x64
		{72B10CF7-1BA5-41E8-8AF7-A1234D067CAE}.AppStore|x64.Build.0 = Release|x64
		{72B10CF7-1BA5-41E8-8AF7-A1234D067CAE}.AppStore|x64.Deploy.0 = Release|x64
		{72B10CF7-1BA5-41E8-8AF7-A1234D067CAE}.AppStore|x86.ActiveCfg = Release|x86
		{72B10CF7-1BA5-41E8-8AF7-A1234D067CAE}.AppStore|x86.Build.0 = Release|x86
		{72B10CF7-1BA5-41E8-8AF7-A1234D067CAE}.AppStore|x86.Deploy.0 = Release|x86
		{72B10CF7-1BA5-41E8-8AF7-A1234D067CAE}.Debug|Any CPU.ActiveCfg = Debug|x86
		{72B10CF7-1BA5-41E8-8AF7-A1234D067CAE}.Debug|ARM.ActiveCfg = Debug|ARM
		{72B10CF7-1BA5-41E8-8AF7-A1234D067CAE}.Debug|ARM.Build.0 = Debug|ARM
		{72B10CF7-1BA5-41E8-8AF7-A1234D067CAE}.Debug|ARM.Deploy.0 = Debug|ARM
		{72B10CF7-1BA5-41E8-8AF7-A1234D067CAE}.Debug|iPhone.ActiveCfg = Debug|x86
		{72B10CF7-1BA5-41E8-8AF7-A1234D067CAE}.Debug|iPhoneSimulator.ActiveCfg = Debug|x86
		{72B10CF7-1BA5-41E8-8AF7-A1234D067CAE}.Debug|x64.ActiveCfg = Debug|x64
		{72B10CF7-1BA5-41E8-8AF7-A1234D067CAE}.Debug|x64.Build.0 = Debug|x64
		{72B10CF7-1BA5-41E8-8AF7-A1234D067CAE}.Debug|x64.Deploy.0 = Debug|x64
		{72B10CF7-1BA5-41E8-8AF7-A1234D067CAE}.Debug|x86.ActiveCfg = Debug|x86
		{72B10CF7-1BA5-41E8-8AF7-A1234D067CAE}.Debug|x86.Build.0 = Debug|x86
		{72B10CF7-1BA5-41E8-8AF7-A1234D067CAE}.Debug|x86.Deploy.0 = Debug|x86
		{72B10CF7-1BA5-41E8-8AF7-A1234D067CAE}.Release|Any CPU.ActiveCfg = Release|x86
		{72B10CF7-1BA5-41E8-8AF7-A1234D067CAE}.Release|ARM.ActiveCfg = Release|ARM
		{72B10CF7-1BA5-41E8-8AF7-A1234D067CAE}.Release|ARM.Build.0 = Release|ARM
		{72B10CF7-1BA5-41E8-8AF7-A1234D067CAE}.Release|ARM.Deploy.0 = Release|ARM
		{72B10CF7-1BA5-41E8-8AF7-A1234D067CAE}.Release|iPhone.ActiveCfg = Release|x86
		{72B10CF7-1BA5-41E8-8AF7-A1234D067CAE}.Release|iPhoneSimulator.ActiveCfg = Release|x86
		{72B10CF7-1BA5-41E8-8AF7-A1234D067CAE}.Release|x64.ActiveCfg = Release|x64
		{72B10CF7-1BA5-41E8-8AF7-A1234D067CAE}.Release|x64.Build.0 = Release|x64
		{72B10CF7-1BA5-41E8-8AF7-A1234D067CAE}.Release|x64.Deploy.0 = Release|x64
		{72B10CF7-1BA5-41E8-8AF7-A1234D067CAE}.Release|x86.ActiveCfg = Release|x86
		{72B10CF7-1BA5-41E8-8AF7-A1234D067CAE}.Release|x86.Build.0 = Release|x86
		{72B10CF7-1BA5-41E8-8AF7-A1234D067CAE}.Release|x86.Deploy.0 = Release|x86
		{567D6BCF-3789-41F4-AB05-94823010642A}.Ad-Hoc|Any CPU.ActiveCfg = Debug|Any CPU
		{567D6BCF-3789-41F4-AB05-94823010642A}.Ad-Hoc|Any CPU.Build.0 = Debug|Any CPU
		{567D6BCF-3789-41F4-AB05-94823010642A}.Ad-Hoc|ARM.ActiveCfg = Debug|Any CPU
		{567D6BCF-3789-41F4-AB05-94823010642A}.Ad-Hoc|ARM.Build.0 = Debug|Any CPU
		{567D6BCF-3789-41F4-AB05-94823010642A}.Ad-Hoc|iPhone.ActiveCfg = Debug|Any CPU
		{567D6BCF-3789-41F4-AB05-94823010642A}.Ad-Hoc|iPhone.Build.0 = Debug|Any CPU
		{567D6BCF-3789-41F4-AB05-94823010642A}.Ad-Hoc|iPhoneSimulator.ActiveCfg = Debug|Any CPU
		{567D6BCF-3789-41F4-AB05-94823010642A}.Ad-Hoc|iPhoneSimulator.Build.0 = Debug|Any CPU
		{567D6BCF-3789-41F4-AB05-94823010642A}.Ad-Hoc|x64.ActiveCfg = Debug|Any CPU
		{567D6BCF-3789-41F4-AB05-94823010642A}.Ad-Hoc|x64.Build.0 = Debug|Any CPU
		{567D6BCF-3789-41F4-AB05-94823010642A}.Ad-Hoc|x86.ActiveCfg = Debug|Any CPU
		{567D6BCF-3789-41F4-AB05-94823010642A}.Ad-Hoc|x86.Build.0 = Debug|Any CPU
		{567D6BCF-3789-41F4-AB05-94823010642A}.AppStore|Any CPU.ActiveCfg = Debug|Any CPU
		{567D6BCF-3789-41F4-AB05-94823010642A}.AppStore|Any CPU.Build.0 = Debug|Any CPU
		{567D6BCF-3789-41F4-AB05-94823010642A}.AppStore|ARM.ActiveCfg = Debug|Any CPU
		{567D6BCF-3789-41F4-AB05-94823010642A}.AppStore|ARM.Build.0 = Debug|Any CPU
		{567D6BCF-3789-41F4-AB05-94823010642A}.AppStore|iPhone.ActiveCfg = Debug|Any CPU
		{567D6BCF-3789-41F4-AB05-94823010642A}.AppStore|iPhone.Build.0 = Debug|Any CPU
		{567D6BCF-3789-41F4-AB05-94823010642A}.AppStore|iPhoneSimulator.ActiveCfg = Debug|Any CPU
		{567D6BCF-3789-41F4-AB05-94823010642A}.AppStore|iPhoneSimulator.Build.0 = Debug|Any CPU
		{567D6BCF-3789-41F4-AB05-94823010642A}.AppStore|x64.ActiveCfg = Debug|Any CPU
		{567D6BCF-3789-41F4-AB05-94823010642A}.AppStore|x64.Build.0 = Debug|Any CPU
		{567D6BCF-3789-41F4-AB05-94823010642A}.AppStore|x86.ActiveCfg = Debug|Any CPU
		{567D6BCF-3789-41F4-AB05-94823010642A}.AppStore|x86.Build.0 = Debug|Any CPU
		{567D6BCF-3789-41F4-AB05-94823010642A}.Debug|Any CPU.ActiveCfg = Debug|Any CPU
		{567D6BCF-3789-41F4-AB05-94823010642A}.Debug|Any CPU.Build.0 = Debug|Any CPU
		{567D6BCF-3789-41F4-AB05-94823010642A}.Debug|ARM.ActiveCfg = Debug|Any CPU
		{567D6BCF-3789-41F4-AB05-94823010642A}.Debug|ARM.Build.0 = Debug|Any CPU
		{567D6BCF-3789-41F4-AB05-94823010642A}.Debug|iPhone.ActiveCfg = Debug|Any CPU
		{567D6BCF-3789-41F4-AB05-94823010642A}.Debug|iPhone.Build.0 = Debug|Any CPU
		{567D6BCF-3789-41F4-AB05-94823010642A}.Debug|iPhoneSimulator.ActiveCfg = Debug|Any CPU
		{567D6BCF-3789-41F4-AB05-94823010642A}.Debug|iPhoneSimulator.Build.0 = Debug|Any CPU
		{567D6BCF-3789-41F4-AB05-94823010642A}.Debug|x64.ActiveCfg = Debug|Any CPU
		{567D6BCF-3789-41F4-AB05-94823010642A}.Debug|x64.Build.0 = Debug|Any CPU
		{567D6BCF-3789-41F4-AB05-94823010642A}.Debug|x86.ActiveCfg = Debug|Any CPU
		{567D6BCF-3789-41F4-AB05-94823010642A}.Debug|x86.Build.0 = Debug|Any CPU
		{567D6BCF-3789-41F4-AB05-94823010642A}.Release|Any CPU.ActiveCfg = Release|Any CPU
		{567D6BCF-3789-41F4-AB05-94823010642A}.Release|Any CPU.Build.0 = Release|Any CPU
		{567D6BCF-3789-41F4-AB05-94823010642A}.Release|ARM.ActiveCfg = Release|Any CPU
		{567D6BCF-3789-41F4-AB05-94823010642A}.Release|ARM.Build.0 = Release|Any CPU
		{567D6BCF-3789-41F4-AB05-94823010642A}.Release|iPhone.ActiveCfg = Release|Any CPU
		{567D6BCF-3789-41F4-AB05-94823010642A}.Release|iPhone.Build.0 = Release|Any CPU
		{567D6BCF-3789-41F4-AB05-94823010642A}.Release|iPhoneSimulator.ActiveCfg = Release|Any CPU
		{567D6BCF-3789-41F4-AB05-94823010642A}.Release|iPhoneSimulator.Build.0 = Release|Any CPU
		{567D6BCF-3789-41F4-AB05-94823010642A}.Release|x64.ActiveCfg = Release|Any CPU
		{567D6BCF-3789-41F4-AB05-94823010642A}.Release|x64.Build.0 = Release|Any CPU
		{567D6BCF-3789-41F4-AB05-94823010642A}.Release|x86.ActiveCfg = Release|Any CPU
		{567D6BCF-3789-41F4-AB05-94823010642A}.Release|x86.Build.0 = Release|Any CPU
		{7977BE15-50B1-4EC8-BB48-5CD9C609AF00}.Ad-Hoc|Any CPU.ActiveCfg = Debug|Any CPU
		{7977BE15-50B1-4EC8-BB48-5CD9C609AF00}.Ad-Hoc|Any CPU.Build.0 = Debug|Any CPU
		{7977BE15-50B1-4EC8-BB48-5CD9C609AF00}.Ad-Hoc|ARM.ActiveCfg = Debug|Any CPU
		{7977BE15-50B1-4EC8-BB48-5CD9C609AF00}.Ad-Hoc|ARM.Build.0 = Debug|Any CPU
		{7977BE15-50B1-4EC8-BB48-5CD9C609AF00}.Ad-Hoc|iPhone.ActiveCfg = Debug|Any CPU
		{7977BE15-50B1-4EC8-BB48-5CD9C609AF00}.Ad-Hoc|iPhone.Build.0 = Debug|Any CPU
		{7977BE15-50B1-4EC8-BB48-5CD9C609AF00}.Ad-Hoc|iPhoneSimulator.ActiveCfg = Debug|Any CPU
		{7977BE15-50B1-4EC8-BB48-5CD9C609AF00}.Ad-Hoc|iPhoneSimulator.Build.0 = Debug|Any CPU
		{7977BE15-50B1-4EC8-BB48-5CD9C609AF00}.Ad-Hoc|x64.ActiveCfg = Debug|Any CPU
		{7977BE15-50B1-4EC8-BB48-5CD9C609AF00}.Ad-Hoc|x64.Build.0 = Debug|Any CPU
		{7977BE15-50B1-4EC8-BB48-5CD9C609AF00}.Ad-Hoc|x86.ActiveCfg = Debug|Any CPU
		{7977BE15-50B1-4EC8-BB48-5CD9C609AF00}.Ad-Hoc|x86.Build.0 = Debug|Any CPU
		{7977BE15-50B1-4EC8-BB48-5CD9C609AF00}.AppStore|Any CPU.ActiveCfg = Debug|Any CPU
		{7977BE15-50B1-4EC8-BB48-5CD9C609AF00}.AppStore|Any CPU.Build.0 = Debug|Any CPU
		{7977BE15-50B1-4EC8-BB48-5CD9C609AF00}.AppStore|ARM.ActiveCfg = Debug|Any CPU
		{7977BE15-50B1-4EC8-BB48-5CD9C609AF00}.AppStore|ARM.Build.0 = Debug|Any CPU
		{7977BE15-50B1-4EC8-BB48-5CD9C609AF00}.AppStore|iPhone.ActiveCfg = Debug|Any CPU
		{7977BE15-50B1-4EC8-BB48-5CD9C609AF00}.AppStore|iPhone.Build.0 = Debug|Any CPU
		{7977BE15-50B1-4EC8-BB48-5CD9C609AF00}.AppStore|iPhoneSimulator.ActiveCfg = Debug|Any CPU
		{7977BE15-50B1-4EC8-BB48-5CD9C609AF00}.AppStore|iPhoneSimulator.Build.0 = Debug|Any CPU
		{7977BE15-50B1-4EC8-BB48-5CD9C609AF00}.AppStore|x64.ActiveCfg = Debug|Any CPU
		{7977BE15-50B1-4EC8-BB48-5CD9C609AF00}.AppStore|x64.Build.0 = Debug|Any CPU
		{7977BE15-50B1-4EC8-BB48-5CD9C609AF00}.AppStore|x86.ActiveCfg = Debug|Any CPU
		{7977BE15-50B1-4EC8-BB48-5CD9C609AF00}.AppStore|x86.Build.0 = Debug|Any CPU
		{7977BE15-50B1-4EC8-BB48-5CD9C609AF00}.Debug|Any CPU.ActiveCfg = Debug|Any CPU
		{7977BE15-50B1-4EC8-BB48-5CD9C609AF00}.Debug|Any CPU.Build.0 = Debug|Any CPU
		{7977BE15-50B1-4EC8-BB48-5CD9C609AF00}.Debug|ARM.ActiveCfg = Debug|Any CPU
		{7977BE15-50B1-4EC8-BB48-5CD9C609AF00}.Debug|ARM.Build.0 = Debug|Any CPU
		{7977BE15-50B1-4EC8-BB48-5CD9C609AF00}.Debug|iPhone.ActiveCfg = Debug|Any CPU
		{7977BE15-50B1-4EC8-BB48-5CD9C609AF00}.Debug|iPhone.Build.0 = Debug|Any CPU
		{7977BE15-50B1-4EC8-BB48-5CD9C609AF00}.Debug|iPhoneSimulator.ActiveCfg = Debug|Any CPU
		{7977BE15-50B1-4EC8-BB48-5CD9C609AF00}.Debug|iPhoneSimulator.Build.0 = Debug|Any CPU
		{7977BE15-50B1-4EC8-BB48-5CD9C609AF00}.Debug|x64.ActiveCfg = Debug|Any CPU
		{7977BE15-50B1-4EC8-BB48-5CD9C609AF00}.Debug|x64.Build.0 = Debug|Any CPU
		{7977BE15-50B1-4EC8-BB48-5CD9C609AF00}.Debug|x86.ActiveCfg = Debug|Any CPU
		{7977BE15-50B1-4EC8-BB48-5CD9C609AF00}.Debug|x86.Build.0 = Debug|Any CPU
		{7977BE15-50B1-4EC8-BB48-5CD9C609AF00}.Release|Any CPU.ActiveCfg = Release|Any CPU
		{7977BE15-50B1-4EC8-BB48-5CD9C609AF00}.Release|Any CPU.Build.0 = Release|Any CPU
		{7977BE15-50B1-4EC8-BB48-5CD9C609AF00}.Release|ARM.ActiveCfg = Release|Any CPU
		{7977BE15-50B1-4EC8-BB48-5CD9C609AF00}.Release|ARM.Build.0 = Release|Any CPU
		{7977BE15-50B1-4EC8-BB48-5CD9C609AF00}.Release|iPhone.ActiveCfg = Release|Any CPU
		{7977BE15-50B1-4EC8-BB48-5CD9C609AF00}.Release|iPhone.Build.0 = Release|Any CPU
		{7977BE15-50B1-4EC8-BB48-5CD9C609AF00}.Release|iPhoneSimulator.ActiveCfg = Release|Any CPU
		{7977BE15-50B1-4EC8-BB48-5CD9C609AF00}.Release|iPhoneSimulator.Build.0 = Release|Any CPU
		{7977BE15-50B1-4EC8-BB48-5CD9C609AF00}.Release|x64.ActiveCfg = Release|Any CPU
		{7977BE15-50B1-4EC8-BB48-5CD9C609AF00}.Release|x64.Build.0 = Release|Any CPU
		{7977BE15-50B1-4EC8-BB48-5CD9C609AF00}.Release|x86.ActiveCfg = Release|Any CPU
		{7977BE15-50B1-4EC8-BB48-5CD9C609AF00}.Release|x86.Build.0 = Release|Any CPU
		{3C8EB1DB-1084-4685-99D6-14E9239CA617}.Ad-Hoc|Any CPU.ActiveCfg = Release|Any CPU
		{3C8EB1DB-1084-4685-99D6-14E9239CA617}.Ad-Hoc|Any CPU.Build.0 = Release|Any CPU
		{3C8EB1DB-1084-4685-99D6-14E9239CA617}.Ad-Hoc|ARM.ActiveCfg = Release|Any CPU
		{3C8EB1DB-1084-4685-99D6-14E9239CA617}.Ad-Hoc|ARM.Build.0 = Release|Any CPU
		{3C8EB1DB-1084-4685-99D6-14E9239CA617}.Ad-Hoc|iPhone.ActiveCfg = Release|Any CPU
		{3C8EB1DB-1084-4685-99D6-14E9239CA617}.Ad-Hoc|iPhone.Build.0 = Release|Any CPU
		{3C8EB1DB-1084-4685-99D6-14E9239CA617}.Ad-Hoc|iPhoneSimulator.ActiveCfg = Release|Any CPU
		{3C8EB1DB-1084-4685-99D6-14E9239CA617}.Ad-Hoc|iPhoneSimulator.Build.0 = Release|Any CPU
		{3C8EB1DB-1084-4685-99D6-14E9239CA617}.Ad-Hoc|x64.ActiveCfg = Release|Any CPU
		{3C8EB1DB-1084-4685-99D6-14E9239CA617}.Ad-Hoc|x64.Build.0 = Release|Any CPU
		{3C8EB1DB-1084-4685-99D6-14E9239CA617}.Ad-Hoc|x86.ActiveCfg = Release|Any CPU
		{3C8EB1DB-1084-4685-99D6-14E9239CA617}.Ad-Hoc|x86.Build.0 = Release|Any CPU
		{3C8EB1DB-1084-4685-99D6-14E9239CA617}.AppStore|Any CPU.ActiveCfg = Release|Any CPU
		{3C8EB1DB-1084-4685-99D6-14E9239CA617}.AppStore|Any CPU.Build.0 = Release|Any CPU
		{3C8EB1DB-1084-4685-99D6-14E9239CA617}.AppStore|ARM.ActiveCfg = Release|Any CPU
		{3C8EB1DB-1084-4685-99D6-14E9239CA617}.AppStore|ARM.Build.0 = Release|Any CPU
		{3C8EB1DB-1084-4685-99D6-14E9239CA617}.AppStore|iPhone.ActiveCfg = Release|Any CPU
		{3C8EB1DB-1084-4685-99D6-14E9239CA617}.AppStore|iPhone.Build.0 = Release|Any CPU
		{3C8EB1DB-1084-4685-99D6-14E9239CA617}.AppStore|iPhoneSimulator.ActiveCfg = Release|Any CPU
		{3C8EB1DB-1084-4685-99D6-14E9239CA617}.AppStore|iPhoneSimulator.Build.0 = Release|Any CPU
		{3C8EB1DB-1084-4685-99D6-14E9239CA617}.AppStore|x64.ActiveCfg = Release|Any CPU
		{3C8EB1DB-1084-4685-99D6-14E9239CA617}.AppStore|x64.Build.0 = Release|Any CPU
		{3C8EB1DB-1084-4685-99D6-14E9239CA617}.AppStore|x86.ActiveCfg = Release|Any CPU
		{3C8EB1DB-1084-4685-99D6-14E9239CA617}.AppStore|x86.Build.0 = Release|Any CPU
		{3C8EB1DB-1084-4685-99D6-14E9239CA617}.Debug|Any CPU.ActiveCfg = Debug|Any CPU
		{3C8EB1DB-1084-4685-99D6-14E9239CA617}.Debug|Any CPU.Build.0 = Debug|Any CPU
		{3C8EB1DB-1084-4685-99D6-14E9239CA617}.Debug|ARM.ActiveCfg = Debug|Any CPU
		{3C8EB1DB-1084-4685-99D6-14E9239CA617}.Debug|ARM.Build.0 = Debug|Any CPU
		{3C8EB1DB-1084-4685-99D6-14E9239CA617}.Debug|iPhone.ActiveCfg = Debug|Any CPU
		{3C8EB1DB-1084-4685-99D6-14E9239CA617}.Debug|iPhone.Build.0 = Debug|Any CPU
		{3C8EB1DB-1084-4685-99D6-14E9239CA617}.Debug|iPhoneSimulator.ActiveCfg = Debug|Any CPU
		{3C8EB1DB-1084-4685-99D6-14E9239CA617}.Debug|iPhoneSimulator.Build.0 = Debug|Any CPU
		{3C8EB1DB-1084-4685-99D6-14E9239CA617}.Debug|x64.ActiveCfg = Debug|Any CPU
		{3C8EB1DB-1084-4685-99D6-14E9239CA617}.Debug|x64.Build.0 = Debug|Any CPU
		{3C8EB1DB-1084-4685-99D6-14E9239CA617}.Debug|x86.ActiveCfg = Debug|Any CPU
		{3C8EB1DB-1084-4685-99D6-14E9239CA617}.Debug|x86.Build.0 = Debug|Any CPU
		{3C8EB1DB-1084-4685-99D6-14E9239CA617}.Release|Any CPU.ActiveCfg = Release|Any CPU
		{3C8EB1DB-1084-4685-99D6-14E9239CA617}.Release|Any CPU.Build.0 = Release|Any CPU
		{3C8EB1DB-1084-4685-99D6-14E9239CA617}.Release|ARM.ActiveCfg = Release|Any CPU
		{3C8EB1DB-1084-4685-99D6-14E9239CA617}.Release|ARM.Build.0 = Release|Any CPU
		{3C8EB1DB-1084-4685-99D6-14E9239CA617}.Release|iPhone.ActiveCfg = Release|Any CPU
		{3C8EB1DB-1084-4685-99D6-14E9239CA617}.Release|iPhone.Build.0 = Release|Any CPU
		{3C8EB1DB-1084-4685-99D6-14E9239CA617}.Release|iPhoneSimulator.ActiveCfg = Release|Any CPU
		{3C8EB1DB-1084-4685-99D6-14E9239CA617}.Release|iPhoneSimulator.Build.0 = Release|Any CPU
		{3C8EB1DB-1084-4685-99D6-14E9239CA617}.Release|x64.ActiveCfg = Release|Any CPU
		{3C8EB1DB-1084-4685-99D6-14E9239CA617}.Release|x64.Build.0 = Release|Any CPU
		{3C8EB1DB-1084-4685-99D6-14E9239CA617}.Release|x86.ActiveCfg = Release|Any CPU
		{3C8EB1DB-1084-4685-99D6-14E9239CA617}.Release|x86.Build.0 = Release|Any CPU
	EndGlobalSection
	GlobalSection(SolutionProperties) = preSolution
		HideSolutionNode = FALSE
	EndGlobalSection
	GlobalSection(ExtensibilityGlobals) = postSolution
		SolutionGuid = {B6BF602E-5743-4B8A-8860-658DB0AAC6A4}
	EndGlobalSection
EndGlobal
